
Microsoft Visual Studio Solution File, Format Version 12.00
# Visual Studio Version 17
VisualStudioVersion = 17.11.35327.3
MinimumVisualStudioVersion = 10.0.40219.1
Project("{9A19103F-16F7-4668-BE54-9A1E7A4F7556}") = "SqliteDemo.Model", "SqliteDemo.Model\SqliteDemo.Model.csproj", "{2F419C79-1D37-4DF0-B315-2494036CE11F}"
EndProject
Project("{9A19103F-16F7-4668-BE54-9A1E7A4F7556}") = "SqliteDemo.Repository", "SqliteDemo.Repository\SqliteDemo.Repository.csproj", "{D00A2E54-77D1-4142-B12A-69CEBE506C96}"
EndProject
Project("{9A19103F-16F7-4668-BE54-9A1E7A4F7556}") = "SqliteDemo.Logic", "SqliteDemo.Logic\SqliteDemo.Logic.csproj", "{1B1946F5-582E-4FA6-AD75-1098F03C507D}"
EndProject
Project("{FAE04EC0-301F-11D3-BF4B-00C04F79EFBC}") = "SqliteDemo.WebApplication", "SqliteDemo.WebApplication\SqliteDemo.WebApplication.csproj", "{736A821C-53B2-4DC3-9454-40AB396E580C}"
EndProject
Project("{FAE04EC0-301F-11D3-BF4B-00C04F79EFBC}") = "SqliteDemo.Test", "SqliteDemo.Test\SqliteDemo.Test.csproj", "{FB65CA76-3B3B-484D-8B1C-828455C081F8}"
EndProject
Global
	GlobalSection(SolutionConfigurationPlatforms) = preSolution
		Debug|Any CPU = Debug|Any CPU
		Release|Any CPU = Release|Any CPU
	EndGlobalSection
	GlobalSection(ProjectConfigurationPlatforms) = postSolution
		{2F419C79-1D37-4DF0-B315-2494036CE11F}.Debug|Any CPU.ActiveCfg = Debug|Any CPU
		{2F419C79-1D37-4DF0-B315-2494036CE11F}.Debug|Any CPU.Build.0 = Debug|Any CPU
		{2F419C79-1D37-4DF0-B315-2494036CE11F}.Release|Any CPU.ActiveCfg = Release|Any CPU
		{2F419C79-1D37-4DF0-B315-2494036CE11F}.Release|Any CPU.Build.0 = Release|Any CPU
		{D00A2E54-77D1-4142-B12A-69CEBE506C96}.Debug|Any CPU.ActiveCfg = Debug|Any CPU
		{D00A2E54-77D1-4142-B12A-69CEBE506C96}.Debug|Any CPU.Build.0 = Debug|Any CPU
		{D00A2E54-77D1-4142-B12A-69CEBE506C96}.Release|Any CPU.ActiveCfg = Release|Any CPU
		{D00A2E54-77D1-4142-B12A-69CEBE506C96}.Release|Any CPU.Build.0 = Release|Any CPU
		{1B1946F5-582E-4FA6-AD75-1098F03C507D}.Debug|Any CPU.ActiveCfg = Debug|Any CPU
		{1B1946F5-582E-4FA6-AD75-1098F03C507D}.Debug|Any CPU.Build.0 = Debug|Any CPU
		{1B1946F5-582E-4FA6-AD75-1098F03C507D}.Release|Any CPU.ActiveCfg = Release|Any CPU
		{1B1946F5-582E-4FA6-AD75-1098F03C507D}.Release|Any CPU.Build.0 = Release|Any CPU
		{736A821C-53B2-4DC3-9454-40AB396E580C}.Debug|Any CPU.ActiveCfg = Debug|Any CPU
		{736A821C-53B2-4DC3-9454-40AB396E580C}.Debug|Any CPU.Build.0 = Debug|Any CPU
		{736A821C-53B2-4DC3-9454-40AB396E580C}.Release|Any CPU.ActiveCfg = Release|Any CPU
		{736A821C-53B2-4DC3-9454-40AB396E580C}.Release|Any CPU.Build.0 = Release|Any CPU
		{FB65CA76-3B3B-484D-8B1C-828455C081F8}.Debug|Any CPU.ActiveCfg = Debug|Any CPU
		{FB65CA76-3B3B-484D-8B1C-828455C081F8}.Debug|Any CPU.Build.0 = Debug|Any CPU
		{FB65CA76-3B3B-484D-8B1C-828455C081F8}.Release|Any CPU.ActiveCfg = Release|Any CPU
		{FB65CA76-3B3B-484D-8B1C-828455C081F8}.Release|Any CPU.Build.0 = Release|Any CPU
	EndGlobalSection
	GlobalSection(SolutionProperties) = preSolution
		HideSolutionNode = FALSE
	EndGlobalSection
	GlobalSection(ExtensibilityGlobals) = postSolution
		SolutionGuid = {D946681C-57D6-430D-B507-A817F7C7FB5D}
	EndGlobalSection
EndGlobal
